
Microsoft Visual Studio Solution File, Format Version 12.00
# Visual Studio Version 16
VisualStudioVersion = 16.0.30907.101
MinimumVisualStudioVersion = 10.0.40219.1
Project("{9A19103F-16F7-4668-BE54-9A1E7A4F7556}") = "eProdaja", "eProdaja\eProdaja.csproj", "{E6291AD1-E5A6-4166-B583-93D631B4B789}"
EndProject
Project("{FAE04EC0-301F-11D3-BF4B-00C04F79EFBC}") = "eProdaja.Model", "eProdaja.Model\eProdaja.Model.csproj", "{3DAF0253-6675-4EBE-AECF-3010E0FE0FDE}"
EndProject
Global
	GlobalSection(SolutionConfigurationPlatforms) = preSolution
		Debug|Any CPU = Debug|Any CPU
		Release|Any CPU = Release|Any CPU
	EndGlobalSection
	GlobalSection(ProjectConfigurationPlatforms) = postSolution
		{E6291AD1-E5A6-4166-B583-93D631B4B789}.Debug|Any CPU.ActiveCfg = Debug|Any CPU
		{E6291AD1-E5A6-4166-B583-93D631B4B789}.Debug|Any CPU.Build.0 = Debug|Any CPU
		{E6291AD1-E5A6-4166-B583-93D631B4B789}.Release|Any CPU.ActiveCfg = Release|Any CPU
		{E6291AD1-E5A6-4166-B583-93D631B4B789}.Release|Any CPU.Build.0 = Release|Any CPU
		{3DAF0253-6675-4EBE-AECF-3010E0FE0FDE}.Debug|Any CPU.ActiveCfg = Debug|Any CPU
		{3DAF0253-6675-4EBE-AECF-3010E0FE0FDE}.Debug|Any CPU.Build.0 = Debug|Any CPU
		{3DAF0253-6675-4EBE-AECF-3010E0FE0FDE}.Release|Any CPU.ActiveCfg = Release|Any CPU
		{3DAF0253-6675-4EBE-AECF-3010E0FE0FDE}.Release|Any CPU.Build.0 = Release|Any CPU
	EndGlobalSection
	GlobalSection(SolutionProperties) = preSolution
		HideSolutionNode = FALSE
	EndGlobalSection
	GlobalSection(ExtensibilityGlobals) = postSolution
		SolutionGuid = {31224053-92AA-4D08-867D-B7214403032F}
	EndGlobalSection
EndGlobal
